{
  "name": "tingly-box-harness-codex-driver",
  "lockfileVersion": 3,
  "requires": true,
  "packages": {
    "": {
      "name": "tingly-box-harness-codex-driver",
      "dependencies": {
        "eventsource-parser": "^3.0.0"
      }
    },
    "node_modules/eventsource-parser": {
      "version": "3.1.0",
      "resolved": "https://registry.npmjs.org/eventsource-parser/-/eventsource-parser-3.1.0.tgz",
      "integrity": "sha512-kJezFj9YFAMLeORyi7aCLxLbD5/qWMQnoMVlVPyHIll7lgRJCc3JVln9Vgl9nwQi0YkMnhdGTMNn7CkRRAptMg==",
      "license": "MIT",
      "engines": {
        "node": ">=18.0.0"
      }
    }
  }
}
