{
  "name": "@tinglydev/tingly-box",
  "version": "1.0.6",
  "lockfileVersion": 3,
  "requires": true,
  "packages": {
    "": {
      "name": "@tinglydev/tingly-box",
      "version": "1.0.4",
      "license": "Apache-2.0",
      "bin": {
        "bifrost": "bin.js"
      },
      "engines": {
        "node": ">=18.0.0"
      }
    }
  }
}
